
Microsoft Visual Studio Solution File, Format Version 12.00
# Visual Studio Version 17
VisualStudioVersion = 17.5.33424.131
MinimumVisualStudioVersion = 10.0.40219.1
Project("{9A19103F-16F7-4668-BE54-9A1E7A4F7556}") = "Workout", "Workout\Workout.csproj", "{C16C9E03-D156-466C-A222-A27659CEDBEA}"
EndProject
Project("{9A19103F-16F7-4668-BE54-9A1E7A4F7556}") = "Entities", "Entities\Entities.csproj", "{4792FCD6-AB80-4749-9D88-0A952F399617}"
EndProject
Project("{FAE04EC0-301F-11D3-BF4B-00C04F79EFBC}") = "ClassLibraryLayer", "ClassLibraryLayer\ClassLibraryLayer.csproj", "{019271CF-CF95-4224-9D39-25CB9C08C9F7}"
EndProject
Project("{FAE04EC0-301F-11D3-BF4B-00C04F79EFBC}") = "ConsoleAppLayer", "ConsoleAppLayer\ConsoleAppLayer.csproj", "{F186A7EC-BC57-4EC4-9D66-2FD2E2D4F74E}"
EndProject
Global
	GlobalSection(SolutionConfigurationPlatforms) = preSolution
		Debug|Any CPU = Debug|Any CPU
		Release|Any CPU = Release|Any CPU
	EndGlobalSection
	GlobalSection(ProjectConfigurationPlatforms) = postSolution
		{C16C9E03-D156-466C-A222-A27659CEDBEA}.Debug|Any CPU.ActiveCfg = Debug|Any CPU
		{C16C9E03-D156-466C-A222-A27659CEDBEA}.Debug|Any CPU.Build.0 = Debug|Any CPU
		{C16C9E03-D156-466C-A222-A27659CEDBEA}.Release|Any CPU.ActiveCfg = Release|Any CPU
		{C16C9E03-D156-466C-A222-A27659CEDBEA}.Release|Any CPU.Build.0 = Release|Any CPU
		{4792FCD6-AB80-4749-9D88-0A952F399617}.Debug|Any CPU.ActiveCfg = Debug|Any CPU
		{4792FCD6-AB80-4749-9D88-0A952F399617}.Debug|Any CPU.Build.0 = Debug|Any CPU
		{4792FCD6-AB80-4749-9D88-0A952F399617}.Release|Any CPU.ActiveCfg = Release|Any CPU
		{4792FCD6-AB80-4749-9D88-0A952F399617}.Release|Any CPU.Build.0 = Release|Any CPU
		{019271CF-CF95-4224-9D39-25CB9C08C9F7}.Debug|Any CPU.ActiveCfg = Debug|Any CPU
		{019271CF-CF95-4224-9D39-25CB9C08C9F7}.Debug|Any CPU.Build.0 = Debug|Any CPU
		{019271CF-CF95-4224-9D39-25CB9C08C9F7}.Release|Any CPU.ActiveCfg = Release|Any CPU
		{019271CF-CF95-4224-9D39-25CB9C08C9F7}.Release|Any CPU.Build.0 = Release|Any CPU
		{F186A7EC-BC57-4EC4-9D66-2FD2E2D4F74E}.Debug|Any CPU.ActiveCfg = Debug|Any CPU
		{F186A7EC-BC57-4EC4-9D66-2FD2E2D4F74E}.Debug|Any CPU.Build.0 = Debug|Any CPU
		{F186A7EC-BC57-4EC4-9D66-2FD2E2D4F74E}.Release|Any CPU.ActiveCfg = Release|Any CPU
		{F186A7EC-BC57-4EC4-9D66-2FD2E2D4F74E}.Release|Any CPU.Build.0 = Release|Any CPU
	EndGlobalSection
	GlobalSection(SolutionProperties) = preSolution
		HideSolutionNode = FALSE
	EndGlobalSection
	GlobalSection(ExtensibilityGlobals) = postSolution
		SolutionGuid = {49C7C9E4-F5F1-47F4-BFF8-70E153F417D0}
	EndGlobalSection
EndGlobal
